dependencies:
- name: redis
  repository: https://charts.bitnami.com/bitnami
  version: 17.15.6
- name: prometheus
  repository: https://prometheus-community.github.io/helm-charts
  version: 22.6.7
- name: grafana
  repository: https://grafana.github.io/helm-charts
  version: 6.60.6
digest: sha256:257f32026732c6cf684662708007b49e98214d8b1c7b85607a58bb841ad79b38
generated: "2025-06-24T22:08:45.461533-04:00"
